// !$*UTF8*$!
{
	archiveVersion = 1;
	classes = {
	};
	objectVersion = 45;
	objects = {

/* Begin PBXBuildFile section */
		1CB4C6C512A8642B0074349E /* DiskArbitration.framework in Frameworks */ = {isa = PBXBuildFile; fileRef = 1CB4C6C412A8642B0074349E /* DiskArbitration.framework */; };
		1CDA338E12A9C54F00412DB4 /* ImageAndTextCell.m in Sources */ = {isa = PBXBuildFile; fileRef = 1CDA337812A9C54F00412DB4 /* ImageAndTextCell.m */; };
		1CDA339112A9C54F00412DB4 /* InfoPlist.strings in Resources */ = {isa = PBXBuildFile; fileRef = 1CDA337D12A9C54F00412DB4 /* InfoPlist.strings */; };
		1CDA339212A9C54F00412DB4 /* MainWindow.xib in Resources */ = {isa = PBXBuildFile; fileRef = 1CDA337F12A9C54F00412DB4 /* MainWindow.xib */; };
		1CDA339312A9C54F00412DB4 /* EJAppDelegate.m in Sources */ = {isa = PBXBuildFile; fileRef = 1CDA338312A9C54F00412DB4 /* EJAppDelegate.m */; };
		1CDA339412A9C54F00412DB4 /* EJWindowController.m in Sources */ = {isa = PBXBuildFile; fileRef = 1CDA338512A9C54F00412DB4 /* EJWindowController.m */; };
		1CDA339512A9C54F00412DB4 /* EJEjectableVolumesWatcher.m in Sources */ = {isa = PBXBuildFile; fileRef = 1CDA338712A9C54F00412DB4 /* EJEjectableVolumesWatcher.m */; };
		1CDA339612A9C54F00412DB4 /* EJOutlineView.m in Sources */ = {isa = PBXBuildFile; fileRef = 1CDA338912A9C54F00412DB4 /* EJOutlineView.m */; };
		1CDA339712A9C54F00412DB4 /* EJVolume.m in Sources */ = {isa = PBXBuildFile; fileRef = 1CDA338B12A9C54F00412DB4 /* EJVolume.m */; };
		1CDA339812A9C54F00412DB4 /* main.m in Sources */ = {isa = PBXBuildFile; fileRef = 1CDA338C12A9C54F00412DB4 /* main.m */; };
		1CE00D3512A9E6F10086846F /* NWLoginItems.m in Sources */ = {isa = PBXBuildFile; fileRef = 1CE00D3412A9E6F10086846F /* NWLoginItems.m */; };
		1CE00E0412AA19350086846F /* Ejectulate.icns in Resources */ = {isa = PBXBuildFile; fileRef = 1CE00E0312AA19350086846F /* Ejectulate.icns */; };
		1CE00F6212AB027D0086846F /* EJEjectKeyWatcher.m in Sources */ = {isa = PBXBuildFile; fileRef = 1CE00F6112AB027D0086846F /* EJEjectKeyWatcher.m */; };
		1CE45898130754580033D779 /* NSArray+NWHandy.m in Sources */ = {isa = PBXBuildFile; fileRef = 1CE45889130754580033D779 /* NSArray+NWHandy.m */; };
		1CE45899130754580033D779 /* NSDictionary+NWHandy.m in Sources */ = {isa = PBXBuildFile; fileRef = 1CE4588B130754580033D779 /* NSDictionary+NWHandy.m */; };
		1CE4589A130754580033D779 /* NSIndexPath+NWHandy.m in Sources */ = {isa = PBXBuildFile; fileRef = 1CE4588D130754580033D779 /* NSIndexPath+NWHandy.m */; };
		1CE4589B130754580033D779 /* NSObject+NWBlockObservation.m in Sources */ = {isa = PBXBuildFile; fileRef = 1CE4588F130754580033D779 /* NSObject+NWBlockObservation.m */; };
		1CE4589C130754580033D779 /* NWBox.m in Sources */ = {isa = PBXBuildFile; fileRef = 1CE45893130754580033D779 /* NWBox.m */; };
		8D11072F0486CEB800E47090 /* Cocoa.framework in Frameworks */ = {isa = PBXBuildFile; fileRef = 1058C7A1FEA54F0111CA2CBB /* Cocoa.framework */; };
/* End PBXBuildFile section */

/* Begin PBXFileReference section */
		1058C7A1FEA54F0111CA2CBB /* Cocoa.framework */ = {isa = PBXFileReference; lastKnownFileType = wrapper.framework; name = Cocoa.framework; path = /System/Library/Frameworks/Cocoa.framework; sourceTree = "<absolute>"; };
		13E42FB307B3F0F600E4EEF1 /* CoreData.framework */ = {isa = PBXFileReference; lastKnownFileType = wrapper.framework; name = CoreData.framework; path = /System/Library/Frameworks/CoreData.framework; sourceTree = "<absolute>"; };
		1CB4C6C412A8642B0074349E /* DiskArbitration.framework */ = {isa = PBXFileReference; lastKnownFileType = wrapper.framework; name = DiskArbitration.framework; path = System/Library/Frameworks/DiskArbitration.framework; sourceTree = SDKROOT; };
		1CDA337712A9C54F00412DB4 /* ImageAndTextCell.h */ = {isa = PBXFileReference; fileEncoding = 4; lastKnownFileType = sourcecode.c.h; path = ImageAndTextCell.h; sourceTree = "<group>"; };
		1CDA337812A9C54F00412DB4 /* ImageAndTextCell.m */ = {isa = PBXFileReference; fileEncoding = 4; lastKnownFileType = sourcecode.c.objc; path = ImageAndTextCell.m; sourceTree = "<group>"; };
		1CDA337C12A9C54F00412DB4 /* Ejectulate-Info.plist */ = {isa = PBXFileReference; fileEncoding = 4; lastKnownFileType = text.plist.xml; path = "Ejectulate-Info.plist"; sourceTree = "<group>"; };
		1CDA337E12A9C54F00412DB4 /* English */ = {isa = PBXFileReference; fileEncoding = 4; lastKnownFileType = text.plist.strings; name = English; path = English.lproj/InfoPlist.strings; sourceTree = "<group>"; };
		1CDA337F12A9C54F00412DB4 /* MainWindow.xib */ = {isa = PBXFileReference; lastKnownFileType = file.xib; path = MainWindow.xib; sourceTree = "<group>"; };
		1CDA338112A9C54F00412DB4 /* Ejectulate_Prefix.pch */ = {isa = PBXFileReference; fileEncoding = 4; lastKnownFileType = sourcecode.c.h; path = Ejectulate_Prefix.pch; sourceTree = "<group>"; };
		1CDA338212A9C54F00412DB4 /* EJAppDelegate.h */ = {isa = PBXFileReference; fileEncoding = 4; lastKnownFileType = sourcecode.c.h; path = EJAppDelegate.h; sourceTree = "<group>"; };
		1CDA338312A9C54F00412DB4 /* EJAppDelegate.m */ = {isa = PBXFileReference; fileEncoding = 4; lastKnownFileType = sourcecode.c.objc; path = EJAppDelegate.m; sourceTree = "<group>"; };
		1CDA338412A9C54F00412DB4 /* EJWindowController.h */ = {isa = PBXFileReference; fileEncoding = 4; lastKnownFileType = sourcecode.c.h; path = EJWindowController.h; sourceTree = "<group>"; };
		1CDA338512A9C54F00412DB4 /* EJWindowController.m */ = {isa = PBXFileReference; fileEncoding = 4; lastKnownFileType = sourcecode.c.objc; path = EJWindowController.m; sourceTree = "<group>"; };
		1CDA338612A9C54F00412DB4 /* EJEjectableVolumesWatcher.h */ = {isa = PBXFileReference; fileEncoding = 4; lastKnownFileType = sourcecode.c.h; path = EJEjectableVolumesWatcher.h; sourceTree = "<group>"; };
		1CDA338712A9C54F00412DB4 /* EJEjectableVolumesWatcher.m */ = {isa = PBXFileReference; fileEncoding = 4; lastKnownFileType = sourcecode.c.objc; path = EJEjectableVolumesWatcher.m; sourceTree = "<group>"; };
		1CDA338812A9C54F00412DB4 /* EJOutlineView.h */ = {isa = PBXFileReference; fileEncoding = 4; lastKnownFileType = sourcecode.c.h; path = EJOutlineView.h; sourceTree = "<group>"; };
		1CDA338912A9C54F00412DB4 /* EJOutlineView.m */ = {isa = PBXFileReference; fileEncoding = 4; lastKnownFileType = sourcecode.c.objc; path = EJOutlineView.m; sourceTree = "<group>"; };
		1CDA338A12A9C54F00412DB4 /* EJVolume.h */ = {isa = PBXFileReference; fileEncoding = 4; lastKnownFileType = sourcecode.c.h; path = EJVolume.h; sourceTree = "<group>"; };
		1CDA338B12A9C54F00412DB4 /* EJVolume.m */ = {isa = PBXFileReference; fileEncoding = 4; lastKnownFileType = sourcecode.c.objc; path = EJVolume.m; sourceTree = "<group>"; };
		1CDA338C12A9C54F00412DB4 /* main.m */ = {isa = PBXFileReference; fileEncoding = 4; lastKnownFileType = sourcecode.c.objc; path = main.m; sourceTree = "<group>"; };
		1CE00D3312A9E6F10086846F /* NWLoginItems.h */ = {isa = PBXFileReference; fileEncoding = 4; lastKnownFileType = sourcecode.c.h; path = NWLoginItems.h; sourceTree = "<group>"; };
		1CE00D3412A9E6F10086846F /* NWLoginItems.m */ = {isa = PBXFileReference; fileEncoding = 4; lastKnownFileType = sourcecode.c.objc; path = NWLoginItems.m; sourceTree = "<group>"; };
		1CE00E0312AA19350086846F /* Ejectulate.icns */ = {isa = PBXFileReference; lastKnownFileType = image.icns; path = Ejectulate.icns; sourceTree = "<group>"; };
		1CE00F6012AB027D0086846F /* EJEjectKeyWatcher.h */ = {isa = PBXFileReference; fileEncoding = 4; lastKnownFileType = sourcecode.c.h; path = EJEjectKeyWatcher.h; sourceTree = "<group>"; };
		1CE00F6112AB027D0086846F /* EJEjectKeyWatcher.m */ = {isa = PBXFileReference; fileEncoding = 4; lastKnownFileType = sourcecode.c.objc; path = EJEjectKeyWatcher.m; sourceTree = "<group>"; };
		1CE45888130754580033D779 /* NSArray+NWHandy.h */ = {isa = PBXFileReference; fileEncoding = 4; lastKnownFileType = sourcecode.c.h; path = "NSArray+NWHandy.h"; sourceTree = "<group>"; };
		1CE45889130754580033D779 /* NSArray+NWHandy.m */ = {isa = PBXFileReference; fileEncoding = 4; lastKnownFileType = sourcecode.c.objc; path = "NSArray+NWHandy.m"; sourceTree = "<group>"; };
		1CE4588A130754580033D779 /* NSDictionary+NWHandy.h */ = {isa = PBXFileReference; fileEncoding = 4; lastKnownFileType = sourcecode.c.h; path = "NSDictionary+NWHandy.h"; sourceTree = "<group>"; };
		1CE4588B130754580033D779 /* NSDictionary+NWHandy.m */ = {isa = PBXFileReference; fileEncoding = 4; lastKnownFileType = sourcecode.c.objc; path = "NSDictionary+NWHandy.m"; sourceTree = "<group>"; };
		1CE4588C130754580033D779 /* NSIndexPath+NWHandy.h */ = {isa = PBXFileReference; fileEncoding = 4; lastKnownFileType = sourcecode.c.h; path = "NSIndexPath+NWHandy.h"; sourceTree = "<group>"; };
		1CE4588D130754580033D779 /* NSIndexPath+NWHandy.m */ = {isa = PBXFileReference; fileEncoding = 4; lastKnownFileType = sourcecode.c.objc; path = "NSIndexPath+NWHandy.m"; sourceTree = "<group>"; };
		1CE4588E130754580033D779 /* NSObject+NWBlockObservation.h */ = {isa = PBXFileReference; fileEncoding = 4; lastKnownFileType = sourcecode.c.h; path = "NSObject+NWBlockObservation.h"; sourceTree = "<group>"; };
		1CE4588F130754580033D779 /* NSObject+NWBlockObservation.m */ = {isa = PBXFileReference; fileEncoding = 4; lastKnownFileType = sourcecode.c.objc; path = "NSObject+NWBlockObservation.m"; sourceTree = "<group>"; };
		1CE45890130754580033D779 /* NSSet+NWHandy.h */ = {isa = PBXFileReference; fileEncoding = 4; lastKnownFileType = sourcecode.c.h; path = "NSSet+NWHandy.h"; sourceTree = "<group>"; };
		1CE45891130754580033D779 /* NSSortDescriptor+NWHandy.h */ = {isa = PBXFileReference; fileEncoding = 4; lastKnownFileType = sourcecode.c.h; path = "NSSortDescriptor+NWHandy.h"; sourceTree = "<group>"; };
		1CE45892130754580033D779 /* NWBox.h */ = {isa = PBXFileReference; fileEncoding = 4; lastKnownFileType = sourcecode.c.h; path = NWBox.h; sourceTree = "<group>"; };
		1CE45893130754580033D779 /* NWBox.m */ = {isa = PBXFileReference; fileEncoding = 4; lastKnownFileType = sourcecode.c.objc; path = NWBox.m; sourceTree = "<group>"; };
		1CE45894130754580033D779 /* NWCollections.h */ = {isa = PBXFileReference; fileEncoding = 4; lastKnownFileType = sourcecode.c.h; path = NWCollections.h; sourceTree = "<group>"; };
		1CE45895130754580033D779 /* NWHandy.h */ = {isa = PBXFileReference; fileEncoding = 4; lastKnownFileType = sourcecode.c.h; path = NWHandy.h; sourceTree = "<group>"; };
		1CE45896130754580033D779 /* NWLog.h */ = {isa = PBXFileReference; fileEncoding = 4; lastKnownFileType = sourcecode.c.h; path = NWLog.h; sourceTree = "<group>"; };
		1CE45897130754580033D779 /* NWPrinting.h */ = {isa = PBXFileReference; fileEncoding = 4; lastKnownFileType = sourcecode.c.h; path = NWPrinting.h; sourceTree = "<group>"; };
		29B97324FDCFA39411CA2CEA /* AppKit.framework */ = {isa = PBXFileReference; lastKnownFileType = wrapper.framework; name = AppKit.framework; path = /System/Library/Frameworks/AppKit.framework; sourceTree = "<absolute>"; };
		29B97325FDCFA39411CA2CEA /* Foundation.framework */ = {isa = PBXFileReference; lastKnownFileType = wrapper.framework; name = Foundation.framework; path = /System/Library/Frameworks/Foundation.framework; sourceTree = "<absolute>"; };
		8D1107320486CEB800E47090 /* Ejectulate.app */ = {isa = PBXFileReference; explicitFileType = wrapper.application; includeInIndex = 0; path = Ejectulate.app; sourceTree = BUILT_PRODUCTS_DIR; };
/* End PBXFileReference section */

/* Begin PBXFrameworksBuildPhase section */
		8D11072E0486CEB800E47090 /* Frameworks */ = {
			isa = PBXFrameworksBuildPhase;
			buildActionMask = 2147483647;
			files = (
				8D11072F0486CEB800E47090 /* Cocoa.framework in Frameworks */,
				1CB4C6C512A8642B0074349E /* DiskArbitration.framework in Frameworks */,
			);
			runOnlyForDeploymentPostprocessing = 0;
		};
/* End PBXFrameworksBuildPhase section */

/* Begin PBXGroup section */
		1058C7A0FEA54F0111CA2CBB /* Linked Frameworks */ = {
			isa = PBXGroup;
			children = (
				1058C7A1FEA54F0111CA2CBB /* Cocoa.framework */,
			);
			name = "Linked Frameworks";
			sourceTree = "<group>";
		};
		1058C7A2FEA54F0111CA2CBB /* Other Frameworks */ = {
			isa = PBXGroup;
			children = (
				1CB4C6C412A8642B0074349E /* DiskArbitration.framework */,
				29B97324FDCFA39411CA2CEA /* AppKit.framework */,
				13E42FB307B3F0F600E4EEF1 /* CoreData.framework */,
				29B97325FDCFA39411CA2CEA /* Foundation.framework */,
			);
			name = "Other Frameworks";
			sourceTree = "<group>";
		};
		19C28FACFE9D520D11CA2CBB /* Products */ = {
			isa = PBXGroup;
			children = (
				8D1107320486CEB800E47090 /* Ejectulate.app */,
			);
			name = Products;
			sourceTree = "<group>";
		};
		1CDA337412A9C54F00412DB4 /* lib */ = {
			isa = PBXGroup;
			children = (
				1CDA337712A9C54F00412DB4 /* ImageAndTextCell.h */,
				1CDA337812A9C54F00412DB4 /* ImageAndTextCell.m */,
				1CE45887130754580033D779 /* NWHandy */,
				1CE00D3312A9E6F10086846F /* NWLoginItems.h */,
				1CE00D3412A9E6F10086846F /* NWLoginItems.m */,
			);
			path = lib;
			sourceTree = "<group>";
		};
		1CDA337B12A9C54F00412DB4 /* Resources */ = {
			isa = PBXGroup;
			children = (
				1CDA337C12A9C54F00412DB4 /* Ejectulate-Info.plist */,
				1CDA337D12A9C54F00412DB4 /* InfoPlist.strings */,
				1CDA337F12A9C54F00412DB4 /* MainWindow.xib */,
				1CE00E0312AA19350086846F /* Ejectulate.icns */,
			);
			path = Resources;
			sourceTree = "<group>";
		};
		1CDA338012A9C54F00412DB4 /* src */ = {
			isa = PBXGroup;
			children = (
				1CDA338112A9C54F00412DB4 /* Ejectulate_Prefix.pch */,
				1CDA338212A9C54F00412DB4 /* EJAppDelegate.h */,
				1CDA338312A9C54F00412DB4 /* EJAppDelegate.m */,
				1CDA338612A9C54F00412DB4 /* EJEjectableVolumesWatcher.h */,
				1CDA338712A9C54F00412DB4 /* EJEjectableVolumesWatcher.m */,
				1CE00F6012AB027D0086846F /* EJEjectKeyWatcher.h */,
				1CE00F6112AB027D0086846F /* EJEjectKeyWatcher.m */,
				1CDA338812A9C54F00412DB4 /* EJOutlineView.h */,
				1CDA338912A9C54F00412DB4 /* EJOutlineView.m */,
				1CDA338A12A9C54F00412DB4 /* EJVolume.h */,
				1CDA338B12A9C54F00412DB4 /* EJVolume.m */,
				1CDA338412A9C54F00412DB4 /* EJWindowController.h */,
				1CDA338512A9C54F00412DB4 /* EJWindowController.m */,
				1CDA338C12A9C54F00412DB4 /* main.m */,
			);
			path = src;
			sourceTree = "<group>";
		};
		1CE45887130754580033D779 /* NWHandy */ = {
			isa = PBXGroup;
			children = (
				1CE45888130754580033D779 /* NSArray+NWHandy.h */,
				1CE45889130754580033D779 /* NSArray+NWHandy.m */,
				1CE4588A130754580033D779 /* NSDictionary+NWHandy.h */,
				1CE4588B130754580033D779 /* NSDictionary+NWHandy.m */,
				1CE4588C130754580033D779 /* NSIndexPath+NWHandy.h */,
				1CE4588D130754580033D779 /* NSIndexPath+NWHandy.m */,
				1CE4588E130754580033D779 /* NSObject+NWBlockObservation.h */,
				1CE4588F130754580033D779 /* NSObject+NWBlockObservation.m */,
				1CE45890130754580033D779 /* NSSet+NWHandy.h */,
				1CE45891130754580033D779 /* NSSortDescriptor+NWHandy.h */,
				1CE45892130754580033D779 /* NWBox.h */,
				1CE45893130754580033D779 /* NWBox.m */,
				1CE45894130754580033D779 /* NWCollections.h */,
				1CE45895130754580033D779 /* NWHandy.h */,
				1CE45896130754580033D779 /* NWLog.h */,
				1CE45897130754580033D779 /* NWPrinting.h */,
			);
			path = NWHandy;
			sourceTree = "<group>";
		};
		29B97314FDCFA39411CA2CEA /* Ejectulate */ = {
			isa = PBXGroup;
			children = (
				1CDA338012A9C54F00412DB4 /* src */,
				1CDA337412A9C54F00412DB4 /* lib */,
				1CDA337B12A9C54F00412DB4 /* Resources */,
				29B97323FDCFA39411CA2CEA /* Frameworks */,
				19C28FACFE9D520D11CA2CBB /* Products */,
			);
			name = Ejectulate;
			sourceTree = "<group>";
		};
		29B97323FDCFA39411CA2CEA /* Frameworks */ = {
			isa = PBXGroup;
			children = (
				1058C7A0FEA54F0111CA2CBB /* Linked Frameworks */,
				1058C7A2FEA54F0111CA2CBB /* Other Frameworks */,
			);
			name = Frameworks;
			sourceTree = "<group>";
		};
/* End PBXGroup section */

/* Begin PBXNativeTarget section */
		8D1107260486CEB800E47090 /* Ejectulate */ = {
			isa = PBXNativeTarget;
			buildConfigurationList = C01FCF4A08A954540054247B /* Build configuration list for PBXNativeTarget "Ejectulate" */;
			buildPhases = (
				8D1107290486CEB800E47090 /* Resources */,
				8D11072C0486CEB800E47090 /* Sources */,
				8D11072E0486CEB800E47090 /* Frameworks */,
			);
			buildRules = (
			);
			dependencies = (
			);
			name = Ejectulate;
			productInstallPath = "$(HOME)/Applications";
			productName = Ejectulate;
			productReference = 8D1107320486CEB800E47090 /* Ejectulate.app */;
			productType = "com.apple.product-type.application";
		};
/* End PBXNativeTarget section */

/* Begin PBXProject section */
		29B97313FDCFA39411CA2CEA /* Project object */ = {
			isa = PBXProject;
			buildConfigurationList = C01FCF4E08A954540054247B /* Build configuration list for PBXProject "Ejectulate" */;
			compatibilityVersion = "Xcode 3.1";
			developmentRegion = English;
			hasScannedForEncodings = 1;
			knownRegions = (
				English,
				Japanese,
				French,
				German,
			);
			mainGroup = 29B97314FDCFA39411CA2CEA /* Ejectulate */;
			projectDirPath = "";
			projectRoot = "";
			targets = (
				8D1107260486CEB800E47090 /* Ejectulate */,
			);
		};
/* End PBXProject section */

/* Begin PBXResourcesBuildPhase section */
		8D1107290486CEB800E47090 /* Resources */ = {
			isa = PBXResourcesBuildPhase;
			buildActionMask = 2147483647;
			files = (
				1CDA339112A9C54F00412DB4 /* InfoPlist.strings in Resources */,
				1CDA339212A9C54F00412DB4 /* MainWindow.xib in Resources */,
				1CE00E0412AA19350086846F /* Ejectulate.icns in Resources */,
			);
			runOnlyForDeploymentPostprocessing = 0;
		};
/* End PBXResourcesBuildPhase section */

/* Begin PBXSourcesBuildPhase section */
		8D11072C0486CEB800E47090 /* Sources */ = {
			isa = PBXSourcesBuildPhase;
			buildActionMask = 2147483647;
			files = (
				1CDA338E12A9C54F00412DB4 /* ImageAndTextCell.m in Sources */,
				1CDA339312A9C54F00412DB4 /* EJAppDelegate.m in Sources */,
				1CDA339412A9C54F00412DB4 /* EJWindowController.m in Sources */,
				1CDA339512A9C54F00412DB4 /* EJEjectableVolumesWatcher.m in Sources */,
				1CDA339612A9C54F00412DB4 /* EJOutlineView.m in Sources */,
				1CDA339712A9C54F00412DB4 /* EJVolume.m in Sources */,
				1CDA339812A9C54F00412DB4 /* main.m in Sources */,
				1CE00D3512A9E6F10086846F /* NWLoginItems.m in Sources */,
				1CE00F6212AB027D0086846F /* EJEjectKeyWatcher.m in Sources */,
				1CE45898130754580033D779 /* NSArray+NWHandy.m in Sources */,
				1CE45899130754580033D779 /* NSDictionary+NWHandy.m in Sources */,
				1CE4589A130754580033D779 /* NSIndexPath+NWHandy.m in Sources */,
				1CE4589B130754580033D779 /* NSObject+NWBlockObservation.m in Sources */,
				1CE4589C130754580033D779 /* NWBox.m in Sources */,
			);
			runOnlyForDeploymentPostprocessing = 0;
		};
/* End PBXSourcesBuildPhase section */

/* Begin PBXVariantGroup section */
		1CDA337D12A9C54F00412DB4 /* InfoPlist.strings */ = {
			isa = PBXVariantGroup;
			children = (
				1CDA337E12A9C54F00412DB4 /* English */,
			);
			name = InfoPlist.strings;
			sourceTree = "<group>";
		};
/* End PBXVariantGroup section */

/* Begin XCBuildConfiguration section */
		C01FCF4B08A954540054247B /* Debug */ = {
			isa = XCBuildConfiguration;
			buildSettings = {
				ALWAYS_SEARCH_USER_PATHS = NO;
				COPY_PHASE_STRIP = NO;
				GCC_DYNAMIC_NO_PIC = NO;
				GCC_ENABLE_FIX_AND_CONTINUE = YES;
				GCC_MODEL_TUNING = G5;
				GCC_OPTIMIZATION_LEVEL = 0;
				GCC_PRECOMPILE_PREFIX_HEADER = YES;
				GCC_PREFIX_HEADER = src/Ejectulate_prefix.pch;
				INFOPLIST_FILE = "Resources/Ejectulate-Info.plist";
				INSTALL_PATH = "$(HOME)/Applications";
				PRODUCT_NAME = Ejectulate;
			};
			name = Debug;
		};
		C01FCF4C08A954540054247B /* Release */ = {
			isa = XCBuildConfiguration;
			buildSettings = {
				ALWAYS_SEARCH_USER_PATHS = NO;
				DEBUG_INFORMATION_FORMAT = "dwarf-with-dsym";
				GCC_MODEL_TUNING = G5;
				GCC_PRECOMPILE_PREFIX_HEADER = YES;
				GCC_PREFIX_HEADER = src/Ejectulate_prefix.pch;
				INFOPLIST_FILE = "Resources/Ejectulate-Info.plist";
				INSTALL_PATH = "$(HOME)/Applications";
				PRODUCT_NAME = Ejectulate;
			};
			name = Release;
		};
		C01FCF4F08A954540054247B /* Debug */ = {
			isa = XCBuildConfiguration;
			buildSettings = {
				ARCHS = "$(ARCHS_STANDARD_32_64_BIT)";
				GCC_C_LANGUAGE_STANDARD = gnu99;
				GCC_ENABLE_OBJC_GC = required;
				GCC_OPTIMIZATION_LEVEL = 0;
				GCC_TREAT_WARNINGS_AS_ERRORS = YES;
				GCC_VERSION = com.apple.compilers.llvm.clang.1_0;
				GCC_WARN_ABOUT_RETURN_TYPE = YES;
				GCC_WARN_UNUSED_VARIABLE = YES;
				INFOPLIST_FILE = "Resources/Ejectulate-Info.plist";
				ONLY_ACTIVE_ARCH = YES;
				PREBINDING = NO;
				SDKROOT = macosx10.6;
			};
			name = Debug;
		};
		C01FCF5008A954540054247B /* Release */ = {
			isa = XCBuildConfiguration;
			buildSettings = {
				ARCHS = "$(ARCHS_STANDARD_32_64_BIT)";
				GCC_C_LANGUAGE_STANDARD = gnu99;
				GCC_ENABLE_OBJC_GC = required;
				GCC_TREAT_WARNINGS_AS_ERRORS = YES;
				GCC_VERSION = com.apple.compilers.llvm.clang.1_0;
				GCC_WARN_ABOUT_RETURN_TYPE = YES;
				GCC_WARN_UNUSED_VARIABLE = YES;
				INFOPLIST_FILE = "Resources/Ejectulate-Info.plist";
				PREBINDING = NO;
				SDKROOT = macosx10.6;
			};
			name = Release;
		};
/* End XCBuildConfiguration section */

/* Begin XCConfigurationList section */
		C01FCF4A08A954540054247B /* Build configuration list for PBXNativeTarget "Ejectulate" */ = {
			isa = XCConfigurationList;
			buildConfigurations = (
				C01FCF4B08A954540054247B /* Debug */,
				C01FCF4C08A954540054247B /* Release */,
			);
			defaultConfigurationIsVisible = 0;
			defaultConfigurationName = Release;
		};
		C01FCF4E08A954540054247B /* Build configuration list for PBXProject "Ejectulate" */ = {
			isa = XCConfigurationList;
			buildConfigurations = (
				C01FCF4F08A954540054247B /* Debug */,
				C01FCF5008A954540054247B /* Release */,
			);
			defaultConfigurationIsVisible = 0;
			defaultConfigurationName = Release;
		};
/* End XCConfigurationList section */
	};
	rootObject = 29B97313FDCFA39411CA2CEA /* Project object */;
}
